
Microsoft Visual Studio Solution File, Format Version 12.00
# Visual Studio 15
VisualStudioVersion = 15.0.27130.2010
MinimumVisualStudioVersion = 10.0.40219.1
Project("{FAE04EC0-301F-11D3-BF4B-00C04F79EFBC}") = "ISO Mounter", "ISO Mounter\ISO Mounter.csproj", "{3332EED7-A2B5-44E0-8212-EBEB57CE5C7C}"
EndProject
Global
	GlobalSection(SolutionConfigurationPlatforms) = preSolution
		Debug|Any CPU = Debug|Any CPU
		Release|Any CPU = Release|Any CPU
	EndGlobalSection
	GlobalSection(ProjectConfigurationPlatforms) = postSolution
		{3332EED7-A2B5-44E0-8212-EBEB57CE5C7C}.Debug|Any CPU.ActiveCfg = Debug|Any CPU
		{3332EED7-A2B5-44E0-8212-EBEB57CE5C7C}.Debug|Any CPU.Build.0 = Debug|Any CPU
		{3332EED7-A2B5-44E0-8212-EBEB57CE5C7C}.Release|Any CPU.ActiveCfg = Release|Any CPU
		{3332EED7-A2B5-44E0-8212-EBEB57CE5C7C}.Release|Any CPU.Build.0 = Release|Any CPU
	EndGlobalSection
	GlobalSection(SolutionProperties) = preSolution
		HideSolutionNode = FALSE
	EndGlobalSection
	GlobalSection(ExtensibilityGlobals) = postSolution
		SolutionGuid = {45B2043D-3A42-41BD-B289-982277CAA0F7}
	EndGlobalSection
EndGlobal
